// !$*UTF8*$!
{
	archiveVersion = 1;
	classes = {
	};
	objectVersion = 51;
	objects = {

/* Begin PBXBuildFile section */
		110F7B1C26018F6E00A5F164 /* LibavdeviceViewController.m in Sources */ = {isa = PBXBuildFile; fileRef = 110F7B1B26018F6E00A5F164 /* LibavdeviceViewController.m */; };
		1111F13925DF593200028930 /* MobileCoreServices.framework in Frameworks */ = {isa = PBXBuildFile; fileRef = 1111F13825DF593200028930 /* MobileCoreServices.framework */; };
		11183D94241B4E1A007FBE59 /* UIColor+Add.m in Sources */ = {isa = PBXBuildFile; fileRef = 11183D93241B4E1A007FBE59 /* UIColor+Add.m */; };
		11192D8E25412AA8000E628D /* tiger fly 2020-10-10 10.48.51.mp4 in Resources */ = {isa = PBXBuildFile; fileRef = 11192D8D25412AA8000E628D /* tiger fly 2020-10-10 10.48.51.mp4 */; };
		1126040D2478C2C200B1C006 /* sofa.mp4 in Resources */ = {isa = PBXBuildFile; fileRef = 1126040C2478C2C200B1C006 /* sofa.mp4 */; };
		1126040F2478C43B00B1C006 /* sofia.mp4 in Resources */ = {isa = PBXBuildFile; fileRef = 1126040E2478C43B00B1C006 /* sofia.mp4 */; };
		1127A396240D40230038ED48 /* AppDelegate.m in Sources */ = {isa = PBXBuildFile; fileRef = 1127A395240D40230038ED48 /* AppDelegate.m */; };
		1127A39F240D40230038ED48 /* Main.storyboard in Resources */ = {isa = PBXBuildFile; fileRef = 1127A39D240D40230038ED48 /* Main.storyboard */; };
		1127A3A1240D40260038ED48 /* Assets.xcassets in Resources */ = {isa = PBXBuildFile; fileRef = 1127A3A0240D40260038ED48 /* Assets.xcassets */; };
		1127A3A4240D40260038ED48 /* LaunchScreen.storyboard in Resources */ = {isa = PBXBuildFile; fileRef = 1127A3A2240D40260038ED48 /* LaunchScreen.storyboard */; };
		1127A3A7240D40260038ED48 /* main.m in Sources */ = {isa = PBXBuildFile; fileRef = 1127A3A6240D40260038ED48 /* main.m */; };
		1127A3B1240D40260038ED48 /* VideoProcessTests.m in Sources */ = {isa = PBXBuildFile; fileRef = 1127A3B0240D40260038ED48 /* VideoProcessTests.m */; };
		1127A3BC240D40260038ED48 /* VideoProcessUITests.m in Sources */ = {isa = PBXBuildFile; fileRef = 1127A3BB240D40260038ED48 /* VideoProcessUITests.m */; };
		1127A3CA240D42750038ED48 /* spring.mp4 in Resources */ = {isa = PBXBuildFile; fileRef = 1127A3C9240D42750038ED48 /* spring.mp4 */; };
		112A434224A97EFC00B37CEA /* SpeechSynthesisController.m in Sources */ = {isa = PBXBuildFile; fileRef = 112A434124A97EFC00B37CEA /* SpeechSynthesisController.m */; };
		112A434524A981FC00B37CEA /* SpeechSynthesisControls.m in Sources */ = {isa = PBXBuildFile; fileRef = 112A434424A981FC00B37CEA /* SpeechSynthesisControls.m */; };
		112A434C24A9937300B37CEA /* SpeechViewController.m in Sources */ = {isa = PBXBuildFile; fileRef = 112A434B24A9937300B37CEA /* SpeechViewController.m */; };
		112A434F24A9C67900B37CEA /* RSILAViewController.m in Sources */ = {isa = PBXBuildFile; fileRef = 112A434E24A9C67900B37CEA /* RSILAViewController.m */; };
		112A435124A9ECC900B37CEA /* README.md in Resources */ = {isa = PBXBuildFile; fileRef = 112A435024A9ECC900B37CEA /* README.md */; };
		112A8CD7249202AC00F3F37E /* SupportingTypesController.m in Sources */ = {isa = PBXBuildFile; fileRef = 112A8CD6249202AC00F3F37E /* SupportingTypesController.m */; };
		112AA058247522B100FD19C3 /* MediaPlayViewController.m in Sources */ = {isa = PBXBuildFile; fileRef = 112AA057247522B100FD19C3 /* MediaPlayViewController.m */; };
		112DF51E248B346A00467F8D /* TextFormattingViewController.m in Sources */ = {isa = PBXBuildFile; fileRef = 112DF51D248B346A00467F8D /* TextFormattingViewController.m */; };
		112DF521248B473A00467F8D /* MediaSelectionViewController.m in Sources */ = {isa = PBXBuildFile; fileRef = 112DF520248B473A00467F8D /* MediaSelectionViewController.m */; };
		112E8BBC248670E0007B0BA6 /* HTTPLiveStreamingViewController.m in Sources */ = {isa = PBXBuildFile; fileRef = 112E8BBB248670E0007B0BA6 /* HTTPLiveStreamingViewController.m */; };
		112E8BBF248676B1007B0BA6 /* SampleBufferManipulationController.m in Sources */ = {isa = PBXBuildFile; fileRef = 112E8BBE248676B1007B0BA6 /* SampleBufferManipulationController.m */; };
		112E8BC224867826007B0BA6 /* MediaCompositionEditingViewController.m in Sources */ = {isa = PBXBuildFile; fileRef = 112E8BC124867826007B0BA6 /* MediaCompositionEditingViewController.m */; };
		1130E16324727EAC00C973F6 /* AssetHandleViewController.m in Sources */ = {isa = PBXBuildFile; fileRef = 1130E16224727EAC00C973F6 /* AssetHandleViewController.m */; };
		1130E1662472B46800C973F6 /* AVAssetTrack+CoreMediaExtensions.m in Sources */ = {isa = PBXBuildFile; fileRef = 1130E1652472B46800C973F6 /* AVAssetTrack+CoreMediaExtensions.m */; };
		1131B65F247BCD8D009D8FF7 /* MetadataManipulationController.m in Sources */ = {isa = PBXBuildFile; fileRef = 1131B65E247BCD8D009D8FF7 /* MetadataManipulationController.m */; };
		1131B667247BF626009D8FF7 /* CameraViewController.m in Sources */ = {isa = PBXBuildFile; fileRef = 1131B666247BF626009D8FF7 /* CameraViewController.m */; };
		113528A1259DAFB1000FCD1F /* AVAudioEngineController.m in Sources */ = {isa = PBXBuildFile; fileRef = 113528A0259DAFB1000FCD1F /* AVAudioEngineController.m */; };
		11371A94248F8A3F007B1489 /* ContentKeyDecryptionController.m in Sources */ = {isa = PBXBuildFile; fileRef = 11371A93248F8A3F007B1489 /* ContentKeyDecryptionController.m */; };
		1144EB592539AAC600307215 /* AssetsViewController.m in Sources */ = {isa = PBXBuildFile; fileRef = 11865E0025381E640010C178 /* AssetsViewController.m */; };
		1148EE012533F997006B1833 /* CoreVideoController.m in Sources */ = {isa = PBXBuildFile; fileRef = 1148EE002533F997006B1833 /* CoreVideoController.m */; };
		1148EE05253439F9006B1833 /* CoreMediaViewController.m in Sources */ = {isa = PBXBuildFile; fileRef = 1148EE04253439F9006B1833 /* CoreMediaViewController.m */; };
		1149865226098C510095E579 /* LibavcodecViewController.m in Sources */ = {isa = PBXBuildFile; fileRef = 1149865126098C510095E579 /* LibavcodecViewController.m */; };
		115826E32485320700156C0B /* MediaItemTransferController.m in Sources */ = {isa = PBXBuildFile; fileRef = 115826E22485320700156C0B /* MediaItemTransferController.m */; };
		115861D525F347B300E6FD2E /* LibavutilViewController.m in Sources */ = {isa = PBXBuildFile; fileRef = 115861D425F347B300E6FD2E /* LibavutilViewController.m */; };
		115C051F246E2D7B00EAF3A6 /* AudioViewController.m in Sources */ = {isa = PBXBuildFile; fileRef = 115C051E246E2D7B00EAF3A6 /* AudioViewController.m */; };
		115C0521246E4A6D00EAF3A6 /* Mark Petrie - New Light No Synth.mp3 in Resources */ = {isa = PBXBuildFile; fileRef = 115C0520246E4A6D00EAF3A6 /* Mark Petrie - New Light No Synth.mp3 */; };
		115C0524246E682C00EAF3A6 /* AudioFileLoader.m in Sources */ = {isa = PBXBuildFile; fileRef = 115C0523246E682C00EAF3A6 /* AudioFileLoader.m */; };
		116768F52649080400F3D9DE /* LibavfilterViewController.m in Sources */ = {isa = PBXBuildFile; fileRef = 116768F42649080400F3D9DE /* LibavfilterViewController.m */; };
		116768F82649081900F3D9DE /* LibavformatViewController.m in Sources */ = {isa = PBXBuildFile; fileRef = 116768F72649081900F3D9DE /* LibavformatViewController.m */; };
		116768FB2649085400F3D9DE /* LibswresampleViewController.m in Sources */ = {isa = PBXBuildFile; fileRef = 116768FA2649085400F3D9DE /* LibswresampleViewController.m */; };
		116768FE2649086B00F3D9DE /* LibpostprocViewController.m in Sources */ = {isa = PBXBuildFile; fileRef = 116768FD2649086B00F3D9DE /* LibpostprocViewController.m */; };
		116769012649089300F3D9DE /* LibswscaleViewController.m in Sources */ = {isa = PBXBuildFile; fileRef = 116769002649089300F3D9DE /* LibswscaleViewController.m */; };
		1171EFEA253ACEA800145C1A /* CaptureViewController.m in Sources */ = {isa = PBXBuildFile; fileRef = 11865E0C253851B90010C178 /* CaptureViewController.m */; };
		1171EFEC253AD2A200145C1A /* chou.mp4 in Resources */ = {isa = PBXBuildFile; fileRef = 1171EFEB253AD2A200145C1A /* chou.mp4 */; };
		117D163A2537027C00025960 /* tiger fly 2020-10-10 17.54.42.mp4 in Resources */ = {isa = PBXBuildFile; fileRef = 117D16392537027C00025960 /* tiger fly 2020-10-10 17.54.42.mp4 */; };
		117DCE07247F99F700E1D8FC /* OperationView.m in Sources */ = {isa = PBXBuildFile; fileRef = 117DCE06247F99F700E1D8FC /* OperationView.m */; };
		11865DFE25381D960010C178 /* AVFoundationController.m in Sources */ = {isa = PBXBuildFile; fileRef = 11865DFD25381D960010C178 /* AVFoundationController.m */; };
		11865E0125381E640010C178 /* AssetsViewController.m in Sources */ = {isa = PBXBuildFile; fileRef = 11865E0025381E640010C178 /* AssetsViewController.m */; };
		11865E05253836B80010C178 /* ATViewController.m in Sources */ = {isa = PBXBuildFile; fileRef = 11865E04253836B80010C178 /* ATViewController.m */; };
		11865E07253838D80010C178 /* tiger fly 2020-10-10 15.58.59.mp4 in Resources */ = {isa = PBXBuildFile; fileRef = 11865E06253838D80010C178 /* tiger fly 2020-10-10 15.58.59.mp4 */; };
		11865E0A253851AD0010C178 /* PlaybackViewController.m in Sources */ = {isa = PBXBuildFile; fileRef = 11865E09253851AD0010C178 /* PlaybackViewController.m */; };
		11865E0D253851B90010C178 /* CaptureViewController.m in Sources */ = {isa = PBXBuildFile; fileRef = 11865E0C253851B90010C178 /* CaptureViewController.m */; };
		11865E10253851DB0010C178 /* EditingViewController.m in Sources */ = {isa = PBXBuildFile; fileRef = 11865E0F253851DB0010C178 /* EditingViewController.m */; };
		11865E19253852740010C178 /* AudioController.m in Sources */ = {isa = PBXBuildFile; fileRef = 11865E18253852740010C178 /* AudioController.m */; };
		11865E1C253852810010C178 /* SpeechController.m in Sources */ = {isa = PBXBuildFile; fileRef = 11865E1B253852810010C178 /* SpeechController.m */; };
		11A53EE2247CAAB600268962 /* PreviewView.m in Sources */ = {isa = PBXBuildFile; fileRef = 11A53EE1247CAAB600268962 /* PreviewView.m */; };
		11A53EE5247CC2CD00268962 /* VPCameraManager.m in Sources */ = {isa = PBXBuildFile; fileRef = 11A53EE4247CC2CD00268962 /* VPCameraManager.m */; };
		11B0380425F0CF6500B9EDB3 /* FFmpegViewController.m in Sources */ = {isa = PBXBuildFile; fileRef = 11B0380325F0CF6500B9EDB3 /* FFmpegViewController.m */; };
		11C21DE0246E803400F6E7BD /* 李戈 - 夕阳山顶.mp3 in Resources */ = {isa = PBXBuildFile; fileRef = 11C21DDB246E803400F6E7BD /* 李戈 - 夕阳山顶.mp3 */; };
		11C21DE1246E803400F6E7BD /* Mark Petrie - New Light.mp3 in Resources */ = {isa = PBXBuildFile; fileRef = 11C21DDC246E803400F6E7BD /* Mark Petrie - New Light.mp3 */; };
		11C21DE2246E803400F6E7BD /* Christophe Lebled - Alpha.mp3 in Resources */ = {isa = PBXBuildFile; fileRef = 11C21DDD246E803400F6E7BD /* Christophe Lebled - Alpha.mp3 */; };
		11C21DE3246E803400F6E7BD /* Danny Gokey - Love Will Take You Places.mp3 in Resources */ = {isa = PBXBuildFile; fileRef = 11C21DDE246E803400F6E7BD /* Danny Gokey - Love Will Take You Places.mp3 */; };
		11C21DE4246E803400F6E7BD /* Liquid Cinema - Eternity.mp3 in Resources */ = {isa = PBXBuildFile; fileRef = 11C21DDF246E803400F6E7BD /* Liquid Cinema - Eternity.mp3 */; };
		11C21DEC246E807E00F6E7BD /* offline-35447682.jpg in Resources */ = {isa = PBXBuildFile; fileRef = 11C21DE6246E807E00F6E7BD /* offline-35447682.jpg */; };
		11C21DED246E807E00F6E7BD /* offline-36668614.jpg in Resources */ = {isa = PBXBuildFile; fileRef = 11C21DE7246E807E00F6E7BD /* offline-36668614.jpg */; };
		11C21DEE246E807E00F6E7BD /* offline-28726729.jpg in Resources */ = {isa = PBXBuildFile; fileRef = 11C21DE8246E807E00F6E7BD /* offline-28726729.jpg */; };
		11C21DEF246E807E00F6E7BD /* offline-29045499.jpg in Resources */ = {isa = PBXBuildFile; fileRef = 11C21DE9246E807E00F6E7BD /* offline-29045499.jpg */; };
		11C21DF0246E807E00F6E7BD /* offline-29045492.jpg in Resources */ = {isa = PBXBuildFile; fileRef = 11C21DEA246E807E00F6E7BD /* offline-29045492.jpg */; };
		11C21DF1246E807E00F6E7BD /* offline-133581.jpg in Resources */ = {isa = PBXBuildFile; fileRef = 11C21DEB246E807E00F6E7BD /* offline-133581.jpg */; };
		11C21DF4246E820C00F6E7BD /* MusicListViewController.m in Sources */ = {isa = PBXBuildFile; fileRef = 11C21DF3246E820C00F6E7BD /* MusicListViewController.m */; };
		11EAE0FB25319BCF00806F15 /* VTViewController.m in Sources */ = {isa = PBXBuildFile; fileRef = 11EAE0FA25319BCF00806F15 /* VTViewController.m */; };
		11F6978A25A32F34004BC306 /* Introduction.m in Sources */ = {isa = PBXBuildFile; fileRef = 11F6978925A32F34004BC306 /* Introduction.m */; };
		11F6978D25A33AAC004BC306 /* AudioQueues.m in Sources */ = {isa = PBXBuildFile; fileRef = 11F6978C25A33AAC004BC306 /* AudioQueues.m */; };
		49EC485E5D13C07E980030F5 /* Pods_VideoProcess_VideoProcessUITests.framework in Frameworks */ = {isa = PBXBuildFile; fileRef = DDC81B83E5440AC3DA66DB09 /* Pods_VideoProcess_VideoProcessUITests.framework */; };
		8CD808BAB1E150C23E328242 /* Pods_VideoProcessTests.framework in Frameworks */ = {isa = PBXBuildFile; fileRef = DD7D2DBF7109FC82EA8F8468 /* Pods_VideoProcessTests.framework */; };
		FB4EA8F154BBA7D02BA39686 /* Pods_VideoProcess.framework in Frameworks */ = {isa = PBXBuildFile; fileRef = D967F07E9C8056F71E0FB2B6 /* Pods_VideoProcess.framework */; };
/* End PBXBuildFile section */

/* Begin PBXContainerItemProxy section */
		1127A3AD240D40260038ED48 /* PBXContainerItemProxy */ = {
			isa = PBXContainerItemProxy;
			containerPortal = 1127A389240D40230038ED48 /* Project object */;
			proxyType = 1;
			remoteGlobalIDString = 1127A390240D40230038ED48;
			remoteInfo = VideoProcess;
		};
		1127A3B8240D40260038ED48 /* PBXContainerItemProxy */ = {
			isa = PBXContainerItemProxy;
			containerPortal = 1127A389240D40230038ED48 /* Project object */;
			proxyType = 1;
			remoteGlobalIDString = 1127A390240D40230038ED48;
			remoteInfo = VideoProcess;
		};
/* End PBXContainerItemProxy section */

/* Begin PBXFileReference section */
		0F868A362BB29ECCC8D0AB29 /* Pods-VideoProcessTests.debug.xcconfig */ = {isa = PBXFileReference; includeInIndex = 1; lastKnownFileType = text.xcconfig; name = "Pods-VideoProcessTests.debug.xcconfig"; path = "Target Support Files/Pods-VideoProcessTests/Pods-VideoProcessTests.debug.xcconfig"; sourceTree = "<group>"; };
		110F7B1A26018F6E00A5F164 /* LibavdeviceViewController.h */ = {isa = PBXFileReference; lastKnownFileType = sourcecode.c.h; path = LibavdeviceViewController.h; sourceTree = "<group>"; };
		110F7B1B26018F6E00A5F164 /* LibavdeviceViewController.m */ = {isa = PBXFileReference; lastKnownFileType = sourcecode.c.objc; path = LibavdeviceViewController.m; sourceTree = "<group>"; };
		1111F13825DF593200028930 /* MobileCoreServices.framework */ = {isa = PBXFileReference; lastKnownFileType = wrapper.framework; name = MobileCoreServices.framework; path = System/Library/Frameworks/MobileCoreServices.framework; sourceTree = SDKROOT; };
		11183D92241B4E1A007FBE59 /* UIColor+Add.h */ = {isa = PBXFileReference; lastKnownFileType = sourcecode.c.h; path = "UIColor+Add.h"; sourceTree = "<group>"; };
		11183D93241B4E1A007FBE59 /* UIColor+Add.m */ = {isa = PBXFileReference; lastKnownFileType = sourcecode.c.objc; path = "UIColor+Add.m"; sourceTree = "<group>"; };
		11192D8D25412AA8000E628D /* tiger fly 2020-10-10 10.48.51.mp4 */ = {isa = PBXFileReference; lastKnownFileType = file; path = "tiger fly 2020-10-10 10.48.51.mp4"; sourceTree = "<group>"; };
		1126040C2478C2C200B1C006 /* sofa.mp4 */ = {isa = PBXFileReference; lastKnownFileType = file; path = sofa.mp4; sourceTree = "<group>"; };
		1126040E2478C43B00B1C006 /* sofia.mp4 */ = {isa = PBXFileReference; lastKnownFileType = file; path = sofia.mp4; sourceTree = "<group>"; };
		1127A391240D40230038ED48 /* VideoProcess.app */ = {isa = PBXFileReference; explicitFileType = wrapper.application; includeInIndex = 0; path = VideoProcess.app; sourceTree = BUILT_PRODUCTS_DIR; };
		1127A394240D40230038ED48 /* AppDelegate.h */ = {isa = PBXFileReference; lastKnownFileType = sourcecode.c.h; path = AppDelegate.h; sourceTree = "<group>"; };
		1127A395240D40230038ED48 /* AppDelegate.m */ = {isa = PBXFileReference; lastKnownFileType = sourcecode.c.objc; path = AppDelegate.m; sourceTree = "<group>"; };
		1127A39E240D40230038ED48 /* Base */ = {isa = PBXFileReference; lastKnownFileType = file.storyboard; name = Base; path = Base.lproj/Main.storyboard; sourceTree = "<group>"; };
		1127A3A0240D40260038ED48 /* Assets.xcassets */ = {isa = PBXFileReference; lastKnownFileType = folder.assetcatalog; path = Assets.xcassets; sourceTree = "<group>"; };
		1127A3A3240D40260038ED48 /* Base */ = {isa = PBXFileReference; lastKnownFileType = file.storyboard; name = Base; path = Base.lproj/LaunchScreen.storyboard; sourceTree = "<group>"; };
		1127A3A5240D40260038ED48 /* Info.plist */ = {isa = PBXFileReference; lastKnownFileType = text.plist.xml; path = Info.plist; sourceTree = "<group>"; };
		1127A3A6240D40260038ED48 /* main.m */ = {isa = PBXFileReference; lastKnownFileType = sourcecode.c.objc; path = main.m; sourceTree = "<group>"; };
		1127A3AC240D40260038ED48 /* VideoProcessTests.xctest */ = {isa = PBXFileReference; explicitFileType = wrapper.cfbundle; includeInIndex = 0; path = VideoProcessTests.xctest; sourceTree = BUILT_PRODUCTS_DIR; };
		1127A3B0240D40260038ED48 /* VideoProcessTests.m */ = {isa = PBXFileReference; lastKnownFileType = sourcecode.c.objc; path = VideoProcessTests.m; sourceTree = "<group>"; };
		1127A3B2240D40260038ED48 /* Info.plist */ = {isa = PBXFileReference; lastKnownFileType = text.plist.xml; path = Info.plist; sourceTree = "<group>"; };
		1127A3B7240D40260038ED48 /* VideoProcessUITests.xctest */ = {isa = PBXFileReference; explicitFileType = wrapper.cfbundle; includeInIndex = 0; path = VideoProcessUITests.xctest; sourceTree = BUILT_PRODUCTS_DIR; };
		1127A3BB240D40260038ED48 /* VideoProcessUITests.m */ = {isa = PBXFileReference; lastKnownFileType = sourcecode.c.objc; path = VideoProcessUITests.m; sourceTree = "<group>"; };
		1127A3BD240D40260038ED48 /* Info.plist */ = {isa = PBXFileReference; lastKnownFileType = text.plist.xml; path = Info.plist; sourceTree = "<group>"; };
		1127A3C9240D42750038ED48 /* spring.mp4 */ = {isa = PBXFileReference; lastKnownFileType = file; path = spring.mp4; sourceTree = "<group>"; };
		112A434024A97EFC00B37CEA /* SpeechSynthesisController.h */ = {isa = PBXFileReference; lastKnownFileType = sourcecode.c.h; path = SpeechSynthesisController.h; sourceTree = "<group>"; };
		112A434124A97EFC00B37CEA /* SpeechSynthesisController.m */ = {isa = PBXFileReference; lastKnownFileType = sourcecode.c.objc; path = SpeechSynthesisController.m; sourceTree = "<group>"; };
		112A434324A981FC00B37CEA /* SpeechSynthesisControls.h */ = {isa = PBXFileReference; lastKnownFileType = sourcecode.c.h; path = SpeechSynthesisControls.h; sourceTree = "<group>"; };
		112A434424A981FC00B37CEA /* SpeechSynthesisControls.m */ = {isa = PBXFileReference; lastKnownFileType = sourcecode.c.objc; path = SpeechSynthesisControls.m; sourceTree = "<group>"; };
		112A434A24A9937300B37CEA /* SpeechViewController.h */ = {isa = PBXFileReference; lastKnownFileType = sourcecode.c.h; path = SpeechViewController.h; sourceTree = "<group>"; };
		112A434B24A9937300B37CEA /* SpeechViewController.m */ = {isa = PBXFileReference; lastKnownFileType = sourcecode.c.objc; path = SpeechViewController.m; sourceTree = "<group>"; };
		112A434D24A9C67900B37CEA /* RSILAViewController.h */ = {isa = PBXFileReference; lastKnownFileType = sourcecode.c.h; path = RSILAViewController.h; sourceTree = "<group>"; };
		112A434E24A9C67900B37CEA /* RSILAViewController.m */ = {isa = PBXFileReference; lastKnownFileType = sourcecode.c.objc; path = RSILAViewController.m; sourceTree = "<group>"; };
		112A435024A9ECC900B37CEA /* README.md */ = {isa = PBXFileReference; fileEncoding = 4; lastKnownFileType = net.daringfireball.markdown; path = README.md; sourceTree = SOURCE_ROOT; };
		112A8CD5249202AC00F3F37E /* SupportingTypesController.h */ = {isa = PBXFileReference; lastKnownFileType = sourcecode.c.h; path = SupportingTypesController.h; sourceTree = "<group>"; };
		112A8CD6249202AC00F3F37E /* SupportingTypesController.m */ = {isa = PBXFileReference; lastKnownFileType = sourcecode.c.objc; path = SupportingTypesController.m; sourceTree = "<group>"; };
		112AA056247522B100FD19C3 /* MediaPlayViewController.h */ = {isa = PBXFileReference; lastKnownFileType = sourcecode.c.h; path = MediaPlayViewController.h; sourceTree = "<group>"; };
		112AA057247522B100FD19C3 /* MediaPlayViewController.m */ = {isa = PBXFileReference; lastKnownFileType = sourcecode.c.objc; path = MediaPlayViewController.m; sourceTree = "<group>"; };
		112DF51C248B346A00467F8D /* TextFormattingViewController.h */ = {isa = PBXFileReference; lastKnownFileType = sourcecode.c.h; path = TextFormattingViewController.h; sourceTree = "<group>"; };
		112DF51D248B346A00467F8D /* TextFormattingViewController.m */ = {isa = PBXFileReference; lastKnownFileType = sourcecode.c.objc; path = TextFormattingViewController.m; sourceTree = "<group>"; };
		112DF51F248B473A00467F8D /* MediaSelectionViewController.h */ = {isa = PBXFileReference; lastKnownFileType = sourcecode.c.h; path = MediaSelectionViewController.h; sourceTree = "<group>"; };
		112DF520248B473A00467F8D /* MediaSelectionViewController.m */ = {isa = PBXFileReference; lastKnownFileType = sourcecode.c.objc; path = MediaSelectionViewController.m; sourceTree = "<group>"; };
		112E8BBA248670E0007B0BA6 /* HTTPLiveStreamingViewController.h */ = {isa = PBXFileReference; lastKnownFileType = sourcecode.c.h; path = HTTPLiveStreamingViewController.h; sourceTree = "<group>"; };
		112E8BBB248670E0007B0BA6 /* HTTPLiveStreamingViewController.m */ = {isa = PBXFileReference; lastKnownFileType = sourcecode.c.objc; path = HTTPLiveStreamingViewController.m; sourceTree = "<group>"; };
		112E8BBD248676B1007B0BA6 /* SampleBufferManipulationController.h */ = {isa = PBXFileReference; lastKnownFileType = sourcecode.c.h; path = SampleBufferManipulationController.h; sourceTree = "<group>"; };
		112E8BBE248676B1007B0BA6 /* SampleBufferManipulationController.m */ = {isa = PBXFileReference; lastKnownFileType = sourcecode.c.objc; path = SampleBufferManipulationController.m; sourceTree = "<group>"; };
		112E8BC024867826007B0BA6 /* MediaCompositionEditingViewController.h */ = {isa = PBXFileReference; lastKnownFileType = sourcecode.c.h; path = MediaCompositionEditingViewController.h; sourceTree = "<group>"; };
		112E8BC124867826007B0BA6 /* MediaCompositionEditingViewController.m */ = {isa = PBXFileReference; lastKnownFileType = sourcecode.c.objc; path = MediaCompositionEditingViewController.m; sourceTree = "<group>"; };
		1130E16124727EAC00C973F6 /* AssetHandleViewController.h */ = {isa = PBXFileReference; lastKnownFileType = sourcecode.c.h; path = AssetHandleViewController.h; sourceTree = "<group>"; };
		1130E16224727EAC00C973F6 /* AssetHandleViewController.m */ = {isa = PBXFileReference; lastKnownFileType = sourcecode.c.objc; path = AssetHandleViewController.m; sourceTree = "<group>"; };
		1130E1642472B46800C973F6 /* AVAssetTrack+CoreMediaExtensions.h */ = {isa = PBXFileReference; lastKnownFileType = sourcecode.c.h; path = "AVAssetTrack+CoreMediaExtensions.h"; sourceTree = "<group>"; };
		1130E1652472B46800C973F6 /* AVAssetTrack+CoreMediaExtensions.m */ = {isa = PBXFileReference; lastKnownFileType = sourcecode.c.objc; path = "AVAssetTrack+CoreMediaExtensions.m"; sourceTree = "<group>"; };
		1131B65D247BCD8D009D8FF7 /* MetadataManipulationController.h */ = {isa = PBXFileReference; lastKnownFileType = sourcecode.c.h; path = MetadataManipulationController.h; sourceTree = "<group>"; };
		1131B65E247BCD8D009D8FF7 /* MetadataManipulationController.m */ = {isa = PBXFileReference; lastKnownFileType = sourcecode.c.objc; path = MetadataManipulationController.m; sourceTree = "<group>"; };
		1131B665247BF626009D8FF7 /* CameraViewController.h */ = {isa = PBXFileReference; lastKnownFileType = sourcecode.c.h; path = CameraViewController.h; sourceTree = "<group>"; };
		1131B666247BF626009D8FF7 /* CameraViewController.m */ = {isa = PBXFileReference; lastKnownFileType = sourcecode.c.objc; path = CameraViewController.m; sourceTree = "<group>"; };
		11352898259D7C1F000FCD1F /* PrefixHeader.pch */ = {isa = PBXFileReference; lastKnownFileType = sourcecode.c.h; path = PrefixHeader.pch; sourceTree = "<group>"; };
		1135289F259DAFB1000FCD1F /* AVAudioEngineController.h */ = {isa = PBXFileReference; lastKnownFileType = sourcecode.c.h; path = AVAudioEngineController.h; sourceTree = "<group>"; };
		113528A0259DAFB1000FCD1F /* AVAudioEngineController.m */ = {isa = PBXFileReference; lastKnownFileType = sourcecode.c.objc; path = AVAudioEngineController.m; sourceTree = "<group>"; };
		11371A92248F8A3F007B1489 /* ContentKeyDecryptionController.h */ = {isa = PBXFileReference; lastKnownFileType = sourcecode.c.h; path = ContentKeyDecryptionController.h; sourceTree = "<group>"; };
		11371A93248F8A3F007B1489 /* ContentKeyDecryptionController.m */ = {isa = PBXFileReference; lastKnownFileType = sourcecode.c.objc; path = ContentKeyDecryptionController.m; sourceTree = "<group>"; };
		1148EDFF2533F997006B1833 /* CoreVideoController.h */ = {isa = PBXFileReference; lastKnownFileType = sourcecode.c.h; path = CoreVideoController.h; sourceTree = "<group>"; };
		1148EE002533F997006B1833 /* CoreVideoController.m */ = {isa = PBXFileReference; lastKnownFileType = sourcecode.c.objc; path = CoreVideoController.m; sourceTree = "<group>"; };
		1148EE03253439F9006B1833 /* CoreMediaViewController.h */ = {isa = PBXFileReference; lastKnownFileType = sourcecode.c.h; path = CoreMediaViewController.h; sourceTree = "<group>"; };
		1148EE04253439F9006B1833 /* CoreMediaViewController.m */ = {isa = PBXFileReference; lastKnownFileType = sourcecode.c.objc; path = CoreMediaViewController.m; sourceTree = "<group>"; };
		1149865026098C510095E579 /* LibavcodecViewController.h */ = {isa = PBXFileReference; lastKnownFileType = sourcecode.c.h; path = LibavcodecViewController.h; sourceTree = "<group>"; };
		1149865126098C510095E579 /* LibavcodecViewController.m */ = {isa = PBXFileReference; lastKnownFileType = sourcecode.c.objc; path = LibavcodecViewController.m; sourceTree = "<group>"; };
		115826E12485320700156C0B /* MediaItemTransferController.h */ = {isa = PBXFileReference; lastKnownFileType = sourcecode.c.h; path = MediaItemTransferController.h; sourceTree = "<group>"; };
		115826E22485320700156C0B /* MediaItemTransferController.m */ = {isa = PBXFileReference; lastKnownFileType = sourcecode.c.objc; path = MediaItemTransferController.m; sourceTree = "<group>"; };
		115861D325F347B300E6FD2E /* LibavutilViewController.h */ = {isa = PBXFileReference; lastKnownFileType = sourcecode.c.h; path = LibavutilViewController.h; sourceTree = "<group>"; };
		115861D425F347B300E6FD2E /* LibavutilViewController.m */ = {isa = PBXFileReference; lastKnownFileType = sourcecode.c.objc; path = LibavutilViewController.m; sourceTree = "<group>"; };
		115C051D246E2D7B00EAF3A6 /* AudioViewController.h */ = {isa = PBXFileReference; lastKnownFileType = sourcecode.c.h; path = AudioViewController.h; sourceTree = "<group>"; };
		115C051E246E2D7B00EAF3A6 /* AudioViewController.m */ = {isa = PBXFileReference; lastKnownFileType = sourcecode.c.objc; path = AudioViewController.m; sourceTree = "<group>"; };
		115C0520246E4A6D00EAF3A6 /* Mark Petrie - New Light No Synth.mp3 */ = {isa = PBXFileReference; lastKnownFileType = audio.mp3; path = "Mark Petrie - New Light No Synth.mp3"; sourceTree = "<group>"; };
		115C0522246E682C00EAF3A6 /* AudioFileLoader.h */ = {isa = PBXFileReference; lastKnownFileType = sourcecode.c.h; path = AudioFileLoader.h; sourceTree = "<group>"; };
		115C0523246E682C00EAF3A6 /* AudioFileLoader.m */ = {isa = PBXFileReference; lastKnownFileType = sourcecode.c.objc; path = AudioFileLoader.m; sourceTree = "<group>"; };
		116768F32649080400F3D9DE /* LibavfilterViewController.h */ = {isa = PBXFileReference; lastKnownFileType = sourcecode.c.h; path = LibavfilterViewController.h; sourceTree = "<group>"; };
		116768F42649080400F3D9DE /* LibavfilterViewController.m */ = {isa = PBXFileReference; lastKnownFileType = sourcecode.c.objc; path = LibavfilterViewController.m; sourceTree = "<group>"; };
		116768F62649081900F3D9DE /* LibavformatViewController.h */ = {isa = PBXFileReference; lastKnownFileType = sourcecode.c.h; path = LibavformatViewController.h; sourceTree = "<group>"; };
		116768F72649081900F3D9DE /* LibavformatViewController.m */ = {isa = PBXFileReference; lastKnownFileType = sourcecode.c.objc; path = LibavformatViewController.m; sourceTree = "<group>"; };
		116768F92649085400F3D9DE /* LibswresampleViewController.h */ = {isa = PBXFileReference; lastKnownFileType = sourcecode.c.h; path = LibswresampleViewController.h; sourceTree = "<group>"; };
		116768FA2649085400F3D9DE /* LibswresampleViewController.m */ = {isa = PBXFileReference; lastKnownFileType = sourcecode.c.objc; path = LibswresampleViewController.m; sourceTree = "<group>"; };
		116768FC2649086B00F3D9DE /* LibpostprocViewController.h */ = {isa = PBXFileReference; lastKnownFileType = sourcecode.c.h; path = LibpostprocViewController.h; sourceTree = "<group>"; };
		116768FD2649086B00F3D9DE /* LibpostprocViewController.m */ = {isa = PBXFileReference; lastKnownFileType = sourcecode.c.objc; path = LibpostprocViewController.m; sourceTree = "<group>"; };
		116768FF2649089300F3D9DE /* LibswscaleViewController.h */ = {isa = PBXFileReference; lastKnownFileType = sourcecode.c.h; path = LibswscaleViewController.h; sourceTree = "<group>"; };
		116769002649089300F3D9DE /* LibswscaleViewController.m */ = {isa = PBXFileReference; lastKnownFileType = sourcecode.c.objc; path = LibswscaleViewController.m; sourceTree = "<group>"; };
		1171EFEB253AD2A200145C1A /* chou.mp4 */ = {isa = PBXFileReference; lastKnownFileType = file; path = chou.mp4; sourceTree = "<group>"; };
		11789CCF241F16BD00EC8862 /* JMPlayer.h */ = {isa = PBXFileReference; lastKnownFileType = sourcecode.c.h; path = JMPlayer.h; sourceTree = "<group>"; };
		117D16392537027C00025960 /* tiger fly 2020-10-10 17.54.42.mp4 */ = {isa = PBXFileReference; lastKnownFileType = file; path = "tiger fly 2020-10-10 17.54.42.mp4"; sourceTree = "<group>"; };
		117DCE05247F99F700E1D8FC /* OperationView.h */ = {isa = PBXFileReference; lastKnownFileType = sourcecode.c.h; path = OperationView.h; sourceTree = "<group>"; };
		117DCE06247F99F700E1D8FC /* OperationView.m */ = {isa = PBXFileReference; lastKnownFileType = sourcecode.c.objc; path = OperationView.m; sourceTree = "<group>"; };
		11865DFC25381D960010C178 /* AVFoundationController.h */ = {isa = PBXFileReference; lastKnownFileType = sourcecode.c.h; path = AVFoundationController.h; sourceTree = "<group>"; };
		11865DFD25381D960010C178 /* AVFoundationController.m */ = {isa = PBXFileReference; lastKnownFileType = sourcecode.c.objc; path = AVFoundationController.m; sourceTree = "<group>"; };
		11865DFF25381E640010C178 /* AssetsViewController.h */ = {isa = PBXFileReference; lastKnownFileType = sourcecode.c.h; path = AssetsViewController.h; sourceTree = "<group>"; };
		11865E0025381E640010C178 /* AssetsViewController.m */ = {isa = PBXFileReference; lastKnownFileType = sourcecode.c.objc; path = AssetsViewController.m; sourceTree = "<group>"; };
		11865E03253836B80010C178 /* ATViewController.h */ = {isa = PBXFileReference; lastKnownFileType = sourcecode.c.h; path = ATViewController.h; sourceTree = "<group>"; };
		11865E04253836B80010C178 /* ATViewController.m */ = {isa = PBXFileReference; lastKnownFileType = sourcecode.c.objc; path = ATViewController.m; sourceTree = "<group>"; };
		11865E06253838D80010C178 /* tiger fly 2020-10-10 15.58.59.mp4 */ = {isa = PBXFileReference; lastKnownFileType = file; path = "tiger fly 2020-10-10 15.58.59.mp4"; sourceTree = "<group>"; };
		11865E08253851AD0010C178 /* PlaybackViewController.h */ = {isa = PBXFileReference; lastKnownFileType = sourcecode.c.h; path = PlaybackViewController.h; sourceTree = "<group>"; };
		11865E09253851AD0010C178 /* PlaybackViewController.m */ = {isa = PBXFileReference; lastKnownFileType = sourcecode.c.objc; path = PlaybackViewController.m; sourceTree = "<group>"; wrapsLines = 0; };
		11865E0B253851B90010C178 /* CaptureViewController.h */ = {isa = PBXFileReference; lastKnownFileType = sourcecode.c.h; path = CaptureViewController.h; sourceTree = "<group>"; };
		11865E0C253851B90010C178 /* CaptureViewController.m */ = {isa = PBXFileReference; lastKnownFileType = sourcecode.c.objc; path = CaptureViewController.m; sourceTree = "<group>"; };
		11865E0E253851DB0010C178 /* EditingViewController.h */ = {isa = PBXFileReference; lastKnownFileType = sourcecode.c.h; path = EditingViewController.h; sourceTree = "<group>"; };
		11865E0F253851DB0010C178 /* EditingViewController.m */ = {isa = PBXFileReference; lastKnownFileType = sourcecode.c.objc; path = EditingViewController.m; sourceTree = "<group>"; };
		11865E17253852740010C178 /* AudioController.h */ = {isa = PBXFileReference; lastKnownFileType = sourcecode.c.h; path = AudioController.h; sourceTree = "<group>"; };
		11865E18253852740010C178 /* AudioController.m */ = {isa = PBXFileReference; lastKnownFileType = sourcecode.c.objc; path = AudioController.m; sourceTree = "<group>"; };
		11865E1A253852810010C178 /* SpeechController.h */ = {isa = PBXFileReference; lastKnownFileType = sourcecode.c.h; path = SpeechController.h; sourceTree = "<group>"; };
		11865E1B253852810010C178 /* SpeechController.m */ = {isa = PBXFileReference; lastKnownFileType = sourcecode.c.objc; path = SpeechController.m; sourceTree = "<group>"; };
		11A53EE0247CAAB600268962 /* PreviewView.h */ = {isa = PBXFileReference; lastKnownFileType = sourcecode.c.h; path = PreviewView.h; sourceTree = "<group>"; };
		11A53EE1247CAAB600268962 /* PreviewView.m */ = {isa = PBXFileReference; lastKnownFileType = sourcecode.c.objc; path = PreviewView.m; sourceTree = "<group>"; };
		11A53EE3247CC2CD00268962 /* VPCameraManager.h */ = {isa = PBXFileReference; lastKnownFileType = sourcecode.c.h; path = VPCameraManager.h; sourceTree = "<group>"; };
		11A53EE4247CC2CD00268962 /* VPCameraManager.m */ = {isa = PBXFileReference; lastKnownFileType = sourcecode.c.objc; path = VPCameraManager.m; sourceTree = "<group>"; };
		11B0380225F0CF6500B9EDB3 /* FFmpegViewController.h */ = {isa = PBXFileReference; lastKnownFileType = sourcecode.c.h; path = FFmpegViewController.h; sourceTree = "<group>"; };
		11B0380325F0CF6500B9EDB3 /* FFmpegViewController.m */ = {isa = PBXFileReference; lastKnownFileType = sourcecode.c.objc; path = FFmpegViewController.m; sourceTree = "<group>"; };
		11C21DDB246E803400F6E7BD /* 李戈 - 夕阳山顶.mp3 */ = {isa = PBXFileReference; lastKnownFileType = audio.mp3; path = "李戈 - 夕阳山顶.mp3"; sourceTree = "<group>"; };
		11C21DDC246E803400F6E7BD /* Mark Petrie - New Light.mp3 */ = {isa = PBXFileReference; lastKnownFileType = audio.mp3; path = "Mark Petrie - New Light.mp3"; sourceTree = "<group>"; };
		11C21DDD246E803400F6E7BD /* Christophe Lebled - Alpha.mp3 */ = {isa = PBXFileReference; lastKnownFileType = audio.mp3; path = "Christophe Lebled - Alpha.mp3"; sourceTree = "<group>"; };
		11C21DDE246E803400F6E7BD /* Danny Gokey - Love Will Take You Places.mp3 */ = {isa = PBXFileReference; lastKnownFileType = audio.mp3; path = "Danny Gokey - Love Will Take You Places.mp3"; sourceTree = "<group>"; };
		11C21DDF246E803400F6E7BD /* Liquid Cinema - Eternity.mp3 */ = {isa = PBXFileReference; lastKnownFileType = audio.mp3; path = "Liquid Cinema - Eternity.mp3"; sourceTree = "<group>"; };
		11C21DE6246E807E00F6E7BD /* offline-35447682.jpg */ = {isa = PBXFileReference; lastKnownFileType = image.jpeg; path = "offline-35447682.jpg"; sourceTree = "<group>"; };
		11C21DE7246E807E00F6E7BD /* offline-36668614.jpg */ = {isa = PBXFileReference; lastKnownFileType = image.jpeg; path = "offline-36668614.jpg"; sourceTree = "<group>"; };
		11C21DE8246E807E00F6E7BD /* offline-28726729.jpg */ = {isa = PBXFileReference; lastKnownFileType = image.jpeg; path = "offline-28726729.jpg"; sourceTree = "<group>"; };
		11C21DE9246E807E00F6E7BD /* offline-29045499.jpg */ = {isa = PBXFileReference; lastKnownFileType = image.jpeg; path = "offline-29045499.jpg"; sourceTree = "<group>"; };
		11C21DEA246E807E00F6E7BD /* offline-29045492.jpg */ = {isa = PBXFileReference; lastKnownFileType = image.jpeg; path = "offline-29045492.jpg"; sourceTree = "<group>"; };
		11C21DEB246E807E00F6E7BD /* offline-133581.jpg */ = {isa = PBXFileReference; lastKnownFileType = image.jpeg; path = "offline-133581.jpg"; sourceTree = "<group>"; };
		11C21DF2246E820C00F6E7BD /* MusicListViewController.h */ = {isa = PBXFileReference; lastKnownFileType = sourcecode.c.h; path = MusicListViewController.h; sourceTree = "<group>"; };
		11C21DF3246E820C00F6E7BD /* MusicListViewController.m */ = {isa = PBXFileReference; lastKnownFileType = sourcecode.c.objc; path = MusicListViewController.m; sourceTree = "<group>"; };
		11EAE0F925319BCF00806F15 /* VTViewController.h */ = {isa = PBXFileReference; lastKnownFileType = sourcecode.c.h; path = VTViewController.h; sourceTree = "<group>"; };
		11EAE0FA25319BCF00806F15 /* VTViewController.m */ = {isa = PBXFileReference; lastKnownFileType = sourcecode.c.objc; path = VTViewController.m; sourceTree = "<group>"; };
		11F6978825A32F34004BC306 /* Introduction.h */ = {isa = PBXFileReference; lastKnownFileType = sourcecode.c.h; path = Introduction.h; sourceTree = "<group>"; };
		11F6978925A32F34004BC306 /* Introduction.m */ = {isa = PBXFileReference; lastKnownFileType = sourcecode.c.objc; path = Introduction.m; sourceTree = "<group>"; };
		11F6978B25A33AAC004BC306 /* AudioQueues.h */ = {isa = PBXFileReference; lastKnownFileType = sourcecode.c.h; path = AudioQueues.h; sourceTree = "<group>"; };
		11F6978C25A33AAC004BC306 /* AudioQueues.m */ = {isa = PBXFileReference; lastKnownFileType = sourcecode.c.objc; path = AudioQueues.m; sourceTree = "<group>"; };
		43CE52B366017EADB419BDF1 /* Pods-VideoProcess-VideoProcessUITests.debug.xcconfig */ = {isa = PBXFileReference; includeInIndex = 1; lastKnownFileType = text.xcconfig; name = "Pods-VideoProcess-VideoProcessUITests.debug.xcconfig"; path = "Target Support Files/Pods-VideoProcess-VideoProcessUITests/Pods-VideoProcess-VideoProcessUITests.debug.xcconfig"; sourceTree = "<group>"; };
		4F33BB9B148B24306D2C9621 /* Pods-VideoProcess.debug.xcconfig */ = {isa = PBXFileReference; includeInIndex = 1; lastKnownFileType = text.xcconfig; name = "Pods-VideoProcess.debug.xcconfig"; path = "Target Support Files/Pods-VideoProcess/Pods-VideoProcess.debug.xcconfig"; sourceTree = "<group>"; };
		5FAB52853BD9C5AC24AD4FB9 /* Pods-VideoProcessTests.release.xcconfig */ = {isa = PBXFileReference; includeInIndex = 1; lastKnownFileType = text.xcconfig; name = "Pods-VideoProcessTests.release.xcconfig"; path = "Target Support Files/Pods-VideoProcessTests/Pods-VideoProcessTests.release.xcconfig"; sourceTree = "<group>"; };
		B13BB6862BB1484921DB45B6 /* Pods-VideoProcess-VideoProcessUITests.release.xcconfig */ = {isa = PBXFileReference; includeInIndex = 1; lastKnownFileType = text.xcconfig; name = "Pods-VideoProcess-VideoProcessUITests.release.xcconfig"; path = "Target Support Files/Pods-VideoProcess-VideoProcessUITests/Pods-VideoProcess-VideoProcessUITests.release.xcconfig"; sourceTree = "<group>"; };
		D4AF7B422BCC362747339368 /* Pods-VideoProcess.release.xcconfig */ = {isa = PBXFileReference; includeInIndex = 1; lastKnownFileType = text.xcconfig; name = "Pods-VideoProcess.release.xcconfig"; path = "Target Support Files/Pods-VideoProcess/Pods-VideoProcess.release.xcconfig"; sourceTree = "<group>"; };
		D967F07E9C8056F71E0FB2B6 /* Pods_VideoProcess.framework */ = {isa = PBXFileReference; explicitFileType = wrapper.framework; includeInIndex = 0; path = Pods_VideoProcess.framework; sourceTree = BUILT_PRODUCTS_DIR; };
		DD7D2DBF7109FC82EA8F8468 /* Pods_VideoProcessTests.framework */ = {isa = PBXFileReference; explicitFileType = wrapper.framework; includeInIndex = 0; path = Pods_VideoProcessTests.framework; sourceTree = BUILT_PRODUCTS_DIR; };
		DDC81B83E5440AC3DA66DB09 /* Pods_VideoProcess_VideoProcessUITests.framework */ = {isa = PBXFileReference; explicitFileType = wrapper.framework; includeInIndex = 0; path = Pods_VideoProcess_VideoProcessUITests.framework; sourceTree = BUILT_PRODUCTS_DIR; };
/* End PBXFileReference section */

/* Begin PBXFrameworksBuildPhase section */
		1127A38E240D40230038ED48 /* Frameworks */ = {
			isa = PBXFrameworksBuildPhase;
			buildActionMask = 2147483647;
			files = (
				1111F13925DF593200028930 /* MobileCoreServices.framework in Frameworks */,
				FB4EA8F154BBA7D02BA39686 /* Pods_VideoProcess.framework in Frameworks */,
			);
			runOnlyForDeploymentPostprocessing = 0;
		};
		1127A3A9240D40260038ED48 /* Frameworks */ = {
			isa = PBXFrameworksBuildPhase;
			buildActionMask = 2147483647;
			files = (
				8CD808BAB1E150C23E328242 /* Pods_VideoProcessTests.framework in Frameworks */,
			);
			runOnlyForDeploymentPostprocessing = 0;
		};
		1127A3B4240D40260038ED48 /* Frameworks */ = {
			isa = PBXFrameworksBuildPhase;
			buildActionMask = 2147483647;
			files = (
				49EC485E5D13C07E980030F5 /* Pods_VideoProcess_VideoProcessUITests.framework in Frameworks */,
			);
			runOnlyForDeploymentPostprocessing = 0;
		};
/* End PBXFrameworksBuildPhase section */

/* Begin PBXGroup section */
		00951966C91C7F33AB95949C /* Frameworks */ = {
			isa = PBXGroup;
			children = (
				1111F13825DF593200028930 /* MobileCoreServices.framework */,
				D967F07E9C8056F71E0FB2B6 /* Pods_VideoProcess.framework */,
				DDC81B83E5440AC3DA66DB09 /* Pods_VideoProcess_VideoProcessUITests.framework */,
				DD7D2DBF7109FC82EA8F8468 /* Pods_VideoProcessTests.framework */,
			);
			name = Frameworks;
			sourceTree = "<group>";
		};
		11183D8E241B29E4007FBE59 /* VideoPlayer */ = {
			isa = PBXGroup;
			children = (
				11789CCF241F16BD00EC8862 /* JMPlayer.h */,
				1130E16124727EAC00C973F6 /* AssetHandleViewController.h */,
				1130E16224727EAC00C973F6 /* AssetHandleViewController.m */,
				112AA056247522B100FD19C3 /* MediaPlayViewController.h */,
				112AA057247522B100FD19C3 /* MediaPlayViewController.m */,
				1131B65D247BCD8D009D8FF7 /* MetadataManipulationController.h */,
				1131B65E247BCD8D009D8FF7 /* MetadataManipulationController.m */,
				115826E12485320700156C0B /* MediaItemTransferController.h */,
				115826E22485320700156C0B /* MediaItemTransferController.m */,
				112E8BBA248670E0007B0BA6 /* HTTPLiveStreamingViewController.h */,
				112E8BBB248670E0007B0BA6 /* HTTPLiveStreamingViewController.m */,
				112E8BBD248676B1007B0BA6 /* SampleBufferManipulationController.h */,
				112E8BBE248676B1007B0BA6 /* SampleBufferManipulationController.m */,
				112E8BC024867826007B0BA6 /* MediaCompositionEditingViewController.h */,
				112E8BC124867826007B0BA6 /* MediaCompositionEditingViewController.m */,
				112DF51C248B346A00467F8D /* TextFormattingViewController.h */,
				112DF51D248B346A00467F8D /* TextFormattingViewController.m */,
				112DF51F248B473A00467F8D /* MediaSelectionViewController.h */,
				112DF520248B473A00467F8D /* MediaSelectionViewController.m */,
				11371A92248F8A3F007B1489 /* ContentKeyDecryptionController.h */,
				11371A93248F8A3F007B1489 /* ContentKeyDecryptionController.m */,
				112A8CD5249202AC00F3F37E /* SupportingTypesController.h */,
				112A8CD6249202AC00F3F37E /* SupportingTypesController.m */,
				11183D92241B4E1A007FBE59 /* UIColor+Add.h */,
				11183D93241B4E1A007FBE59 /* UIColor+Add.m */,
				1130E1642472B46800C973F6 /* AVAssetTrack+CoreMediaExtensions.h */,
				1130E1652472B46800C973F6 /* AVAssetTrack+CoreMediaExtensions.m */,
			);
			path = VideoPlayer;
			sourceTree = "<group>";
		};
		1127A388240D40230038ED48 = {
			isa = PBXGroup;
			children = (
				1127A393240D40230038ED48 /* VideoProcess */,
				1127A3AF240D40260038ED48 /* VideoProcessTests */,
				1127A3BA240D40260038ED48 /* VideoProcessUITests */,
				1127A392240D40230038ED48 /* Products */,
				4B4EB1A41158412051BB34AE /* Pods */,
				00951966C91C7F33AB95949C /* Frameworks */,
			);
			sourceTree = "<group>";
		};
		1127A392240D40230038ED48 /* Products */ = {
			isa = PBXGroup;
			children = (
				1127A391240D40230038ED48 /* VideoProcess.app */,
				1127A3AC240D40260038ED48 /* VideoProcessTests.xctest */,
				1127A3B7240D40260038ED48 /* VideoProcessUITests.xctest */,
			);
			name = Products;
			sourceTree = "<group>";
		};
		1127A393240D40230038ED48 /* VideoProcess */ = {
			isa = PBXGroup;
			children = (
				11B0380125F0CF3E00B9EDB3 /* FFmpeg */,
				11F6978725A32ED9004BC306 /* AudioQueueServicesProgrammingGuide */,
				11865DFA25381D2C0010C178 /* Practices */,
				11865DFB25381D760010C178 /* AVFoundation */,
				1148EDFE2533F971006B1833 /* CoreVideo */,
				1148EE02253439E8006B1833 /* CoreMedia */,
				11EAE0F825319B7400806F15 /* VideoToolbox */,
				11865E02253836920010C178 /* AudioToolbox */,
				1127A394240D40230038ED48 /* AppDelegate.h */,
				1127A395240D40230038ED48 /* AppDelegate.m */,
				1127A39D240D40230038ED48 /* Main.storyboard */,
				1127A3A0240D40260038ED48 /* Assets.xcassets */,
				1127A3A2240D40260038ED48 /* LaunchScreen.storyboard */,
				117D16392537027C00025960 /* tiger fly 2020-10-10 17.54.42.mp4 */,
				11865E06253838D80010C178 /* tiger fly 2020-10-10 15.58.59.mp4 */,
				1127A3C9240D42750038ED48 /* spring.mp4 */,
				1126040C2478C2C200B1C006 /* sofa.mp4 */,
				11192D8D25412AA8000E628D /* tiger fly 2020-10-10 10.48.51.mp4 */,
				1171EFEB253AD2A200145C1A /* chou.mp4 */,
				1126040E2478C43B00B1C006 /* sofia.mp4 */,
				112A435024A9ECC900B37CEA /* README.md */,
				1127A3A5240D40260038ED48 /* Info.plist */,
				1127A3A6240D40260038ED48 /* main.m */,
				11352898259D7C1F000FCD1F /* PrefixHeader.pch */,
			);
			path = VideoProcess;
			sourceTree = "<group>";
		};
		1127A3AF240D40260038ED48 /* VideoProcessTests */ = {
			isa = PBXGroup;
			children = (
				1127A3B0240D40260038ED48 /* VideoProcessTests.m */,
				1127A3B2240D40260038ED48 /* Info.plist */,
			);
			path = VideoProcessTests;
			sourceTree = "<group>";
		};
		1127A3BA240D40260038ED48 /* VideoProcessUITests */ = {
			isa = PBXGroup;
			children = (
				1127A3BB240D40260038ED48 /* VideoProcessUITests.m */,
				1127A3BD240D40260038ED48 /* Info.plist */,
			);
			path = VideoProcessUITests;
			sourceTree = "<group>";
		};
		112A433F24A97E5F00B37CEA /* SpeechSynthesis */ = {
			isa = PBXGroup;
			children = (
				112A434024A97EFC00B37CEA /* SpeechSynthesisController.h */,
				112A434124A97EFC00B37CEA /* SpeechSynthesisController.m */,
				112A434324A981FC00B37CEA /* SpeechSynthesisControls.h */,
				112A434424A981FC00B37CEA /* SpeechSynthesisControls.m */,
			);
			path = SpeechSynthesis;
			sourceTree = "<group>";
		};
		112A434924A9935D00B37CEA /* Speech */ = {
			isa = PBXGroup;
			children = (
				112A434A24A9937300B37CEA /* SpeechViewController.h */,
				112A434B24A9937300B37CEA /* SpeechViewController.m */,
				112A434D24A9C67900B37CEA /* RSILAViewController.h */,
				112A434E24A9C67900B37CEA /* RSILAViewController.m */,
			);
			path = Speech;
			sourceTree = "<group>";
		};
		1131B664247BF468009D8FF7 /* Camera */ = {
			isa = PBXGroup;
			children = (
				1131B665247BF626009D8FF7 /* CameraViewController.h */,
				1131B666247BF626009D8FF7 /* CameraViewController.m */,
				11A53EE3247CC2CD00268962 /* VPCameraManager.h */,
				11A53EE4247CC2CD00268962 /* VPCameraManager.m */,
				11A53EE0247CAAB600268962 /* PreviewView.h */,
				11A53EE1247CAAB600268962 /* PreviewView.m */,
				117DCE05247F99F700E1D8FC /* OperationView.h */,
				117DCE06247F99F700E1D8FC /* OperationView.m */,
			);
			path = Camera;
			sourceTree = "<group>";
		};
		1148EDFE2533F971006B1833 /* CoreVideo */ = {
			isa = PBXGroup;
			children = (
				1148EDFF2533F997006B1833 /* CoreVideoController.h */,
				1148EE002533F997006B1833 /* CoreVideoController.m */,
			);
			path = CoreVideo;
			sourceTree = "<group>";
		};
		1148EE02253439E8006B1833 /* CoreMedia */ = {
			isa = PBXGroup;
			children = (
				1148EE03253439F9006B1833 /* CoreMediaViewController.h */,
				1148EE04253439F9006B1833 /* CoreMediaViewController.m */,
			);
			path = CoreMedia;
			sourceTree = "<group>";
		};
		115C051B246E2D5A00EAF3A6 /* AudioPlayer */ = {
			isa = PBXGroup;
			children = (
				11C21DE5246E804600F6E7BD /* Icon */,
				11C21DDA246E7F9500F6E7BD /* Music */,
				11C21DF2246E820C00F6E7BD /* MusicListViewController.h */,
				11C21DF3246E820C00F6E7BD /* MusicListViewController.m */,
				115C051D246E2D7B00EAF3A6 /* AudioViewController.h */,
				115C051E246E2D7B00EAF3A6 /* AudioViewController.m */,
				115C0522246E682C00EAF3A6 /* AudioFileLoader.h */,
				115C0523246E682C00EAF3A6 /* AudioFileLoader.m */,
			);
			path = AudioPlayer;
			sourceTree = "<group>";
		};
		11865DFA25381D2C0010C178 /* Practices */ = {
			isa = PBXGroup;
			children = (
				1131B664247BF468009D8FF7 /* Camera */,
				11183D8E241B29E4007FBE59 /* VideoPlayer */,
				115C051B246E2D5A00EAF3A6 /* AudioPlayer */,
				112A433F24A97E5F00B37CEA /* SpeechSynthesis */,
				112A434924A9935D00B37CEA /* Speech */,
			);
			path = Practices;
			sourceTree = "<group>";
		};
		11865DFB25381D760010C178 /* AVFoundation */ = {
			isa = PBXGroup;
			children = (
				11865DFC25381D960010C178 /* AVFoundationController.h */,
				11865DFD25381D960010C178 /* AVFoundationController.m */,
				11865DFF25381E640010C178 /* AssetsViewController.h */,
				11865E0025381E640010C178 /* AssetsViewController.m */,
				11865E08253851AD0010C178 /* PlaybackViewController.h */,
				11865E09253851AD0010C178 /* PlaybackViewController.m */,
				11865E0B253851B90010C178 /* CaptureViewController.h */,
				11865E0C253851B90010C178 /* CaptureViewController.m */,
				11865E0E253851DB0010C178 /* EditingViewController.h */,
				11865E0F253851DB0010C178 /* EditingViewController.m */,
				11865E17253852740010C178 /* AudioController.h */,
				11865E18253852740010C178 /* AudioController.m */,
				1135289F259DAFB1000FCD1F /* AVAudioEngineController.h */,
				113528A0259DAFB1000FCD1F /* AVAudioEngineController.m */,
				11865E1A253852810010C178 /* SpeechController.h */,
				11865E1B253852810010C178 /* SpeechController.m */,
			);
			path = AVFoundation;
			sourceTree = "<group>";
		};
		11865E02253836920010C178 /* AudioToolbox */ = {
			isa = PBXGroup;
			children = (
				11865E03253836B80010C178 /* ATViewController.h */,
				11865E04253836B80010C178 /* ATViewController.m */,
			);
			path = AudioToolbox;
			sourceTree = "<group>";
		};
		11B0380125F0CF3E00B9EDB3 /* FFmpeg */ = {
			isa = PBXGroup;
			children = (
				11B0380225F0CF6500B9EDB3 /* FFmpegViewController.h */,
				11B0380325F0CF6500B9EDB3 /* FFmpegViewController.m */,
				115861D325F347B300E6FD2E /* LibavutilViewController.h */,
				115861D425F347B300E6FD2E /* LibavutilViewController.m */,
				110F7B1A26018F6E00A5F164 /* LibavdeviceViewController.h */,
				110F7B1B26018F6E00A5F164 /* LibavdeviceViewController.m */,
				1149865026098C510095E579 /* LibavcodecViewController.h */,
				1149865126098C510095E579 /* LibavcodecViewController.m */,
				116768F32649080400F3D9DE /* LibavfilterViewController.h */,
				116768F42649080400F3D9DE /* LibavfilterViewController.m */,
				116768F62649081900F3D9DE /* LibavformatViewController.h */,
				116768F72649081900F3D9DE /* LibavformatViewController.m */,
				116768F92649085400F3D9DE /* LibswresampleViewController.h */,
				116768FA2649085400F3D9DE /* LibswresampleViewController.m */,
				116768FC2649086B00F3D9DE /* LibpostprocViewController.h */,
				116768FD2649086B00F3D9DE /* LibpostprocViewController.m */,
				116768FF2649089300F3D9DE /* LibswscaleViewController.h */,
				116769002649089300F3D9DE /* LibswscaleViewController.m */,
			);
			path = FFmpeg;
			sourceTree = "<group>";
		};
		11C21DDA246E7F9500F6E7BD /* Music */ = {
			isa = PBXGroup;
			children = (
				11C21DDB246E803400F6E7BD /* 李戈 - 夕阳山顶.mp3 */,
				11C21DDD246E803400F6E7BD /* Christophe Lebled - Alpha.mp3 */,
				11C21DDE246E803400F6E7BD /* Danny Gokey - Love Will Take You Places.mp3 */,
				11C21DDF246E803400F6E7BD /* Liquid Cinema - Eternity.mp3 */,
				11C21DDC246E803400F6E7BD /* Mark Petrie - New Light.mp3 */,
				115C0520246E4A6D00EAF3A6 /* Mark Petrie - New Light No Synth.mp3 */,
			);
			path = Music;
			sourceTree = "<group>";
		};
		11C21DE5246E804600F6E7BD /* Icon */ = {
			isa = PBXGroup;
			children = (
				11C21DEB246E807E00F6E7BD /* offline-133581.jpg */,
				11C21DE8246E807E00F6E7BD /* offline-28726729.jpg */,
				11C21DEA246E807E00F6E7BD /* offline-29045492.jpg */,
				11C21DE9246E807E00F6E7BD /* offline-29045499.jpg */,
				11C21DE6246E807E00F6E7BD /* offline-35447682.jpg */,
				11C21DE7246E807E00F6E7BD /* offline-36668614.jpg */,
			);
			path = Icon;
			sourceTree = "<group>";
		};
		11EAE0F825319B7400806F15 /* VideoToolbox */ = {
			isa = PBXGroup;
			children = (
				11EAE0F925319BCF00806F15 /* VTViewController.h */,
				11EAE0FA25319BCF00806F15 /* VTViewController.m */,
			);
			path = VideoToolbox;
			sourceTree = "<group>";
		};
		11F6978725A32ED9004BC306 /* AudioQueueServicesProgrammingGuide */ = {
			isa = PBXGroup;
			children = (
				11F6978825A32F34004BC306 /* Introduction.h */,
				11F6978925A32F34004BC306 /* Introduction.m */,
				11F6978B25A33AAC004BC306 /* AudioQueues.h */,
				11F6978C25A33AAC004BC306 /* AudioQueues.m */,
			);
			path = AudioQueueServicesProgrammingGuide;
			sourceTree = "<group>";
		};
		4B4EB1A41158412051BB34AE /* Pods */ = {
			isa = PBXGroup;
			children = (
				4F33BB9B148B24306D2C9621 /* Pods-VideoProcess.debug.xcconfig */,
				D4AF7B422BCC362747339368 /* Pods-VideoProcess.release.xcconfig */,
				43CE52B366017EADB419BDF1 /* Pods-VideoProcess-VideoProcessUITests.debug.xcconfig */,
				B13BB6862BB1484921DB45B6 /* Pods-VideoProcess-VideoProcessUITests.release.xcconfig */,
				0F868A362BB29ECCC8D0AB29 /* Pods-VideoProcessTests.debug.xcconfig */,
				5FAB52853BD9C5AC24AD4FB9 /* Pods-VideoProcessTests.release.xcconfig */,
			);
			path = Pods;
			sourceTree = "<group>";
		};
/* End PBXGroup section */

/* Begin PBXNativeTarget section */
		1127A390240D40230038ED48 /* VideoProcess */ = {
			isa = PBXNativeTarget;
			buildConfigurationList = 1127A3C0240D40260038ED48 /* Build configuration list for PBXNativeTarget "VideoProcess" */;
			buildPhases = (
				A655ABA0815FFAA1306F4825 /* [CP] Check Pods Manifest.lock */,
				1127A38D240D40230038ED48 /* Sources */,
				1127A38E240D40230038ED48 /* Frameworks */,
				1127A38F240D40230038ED48 /* Resources */,
				DD8C263137182AF648A3D4C5 /* [CP] Embed Pods Frameworks */,
			);
			buildRules = (
			);
			dependencies = (
			);
			name = VideoProcess;
			productName = VideoProcess;
			productReference = 1127A391240D40230038ED48 /* VideoProcess.app */;
			productType = "com.apple.product-type.application";
		};
		1127A3AB240D40260038ED48 /* VideoProcessTests */ = {
			isa = PBXNativeTarget;
			buildConfigurationList = 1127A3C3240D40260038ED48 /* Build configuration list for PBXNativeTarget "VideoProcessTests" */;
			buildPhases = (
				8E498D105A349EE5C001EACA /* [CP] Check Pods Manifest.lock */,
				1127A3A8240D40260038ED48 /* Sources */,
				1127A3A9240D40260038ED48 /* Frameworks */,
				1127A3AA240D40260038ED48 /* Resources */,
			);
			buildRules = (
			);
			dependencies = (
				1127A3AE240D40260038ED48 /* PBXTargetDependency */,
			);
			name = VideoProcessTests;
			productName = VideoProcessTests;
			productReference = 1127A3AC240D40260038ED48 /* VideoProcessTests.xctest */;
			productType = "com.apple.product-type.bundle.unit-test";
		};
		1127A3B6240D40260038ED48 /* VideoProcessUITests */ = {
			isa = PBXNativeTarget;
			buildConfigurationList = 1127A3C6240D40260038ED48 /* Build configuration list for PBXNativeTarget "VideoProcessUITests" */;
			buildPhases = (
				D45347DDC39DF2253B0EF828 /* [CP] Check Pods Manifest.lock */,
				1127A3B3240D40260038ED48 /* Sources */,
				1127A3B4240D40260038ED48 /* Frameworks */,
				1127A3B5240D40260038ED48 /* Resources */,
				89F1BF9B2E3551BA525C919F /* [CP] Embed Pods Frameworks */,
			);
			buildRules = (
			);
			dependencies = (
				1127A3B9240D40260038ED48 /* PBXTargetDependency */,
			);
			name = VideoProcessUITests;
			productName = VideoProcessUITests;
			productReference = 1127A3B7240D40260038ED48 /* VideoProcessUITests.xctest */;
			productType = "com.apple.product-type.bundle.ui-testing";
		};
/* End PBXNativeTarget section */

/* Begin PBXProject section */
		1127A389240D40230038ED48 /* Project object */ = {
			isa = PBXProject;
			attributes = {
				LastUpgradeCheck = 1130;
				ORGANIZATIONNAME = "tiger fly";
				TargetAttributes = {
					1127A390240D40230038ED48 = {
						CreatedOnToolsVersion = 11.3.1;
					};
					1127A3AB240D40260038ED48 = {
						CreatedOnToolsVersion = 11.3.1;
						TestTargetID = 1127A390240D40230038ED48;
					};
					1127A3B6240D40260038ED48 = {
						CreatedOnToolsVersion = 11.3.1;
						TestTargetID = 1127A390240D40230038ED48;
					};
				};
			};
			buildConfigurationList = 1127A38C240D40230038ED48 /* Build configuration list for PBXProject "VideoProcess" */;
			compatibilityVersion = "Xcode 9.3";
			developmentRegion = en;
			hasScannedForEncodings = 0;
			knownRegions = (
				en,
				Base,
			);
			mainGroup = 1127A388240D40230038ED48;
			productRefGroup = 1127A392240D40230038ED48 /* Products */;
			projectDirPath = "";
			projectRoot = "";
			targets = (
				1127A390240D40230038ED48 /* VideoProcess */,
				1127A3AB240D40260038ED48 /* VideoProcessTests */,
				1127A3B6240D40260038ED48 /* VideoProcessUITests */,
			);
		};
/* End PBXProject section */

/* Begin PBXResourcesBuildPhase section */
		1127A38F240D40230038ED48 /* Resources */ = {
			isa = PBXResourcesBuildPhase;
			buildActionMask = 2147483647;
			files = (
				1126040D2478C2C200B1C006 /* sofa.mp4 in Resources */,
				1127A3A4240D40260038ED48 /* LaunchScreen.storyboard in Resources */,
				112A435124A9ECC900B37CEA /* README.md in Resources */,
				11C21DEF246E807E00F6E7BD /* offline-29045499.jpg in Resources */,
				1127A3A1240D40260038ED48 /* Assets.xcassets in Resources */,
				117D163A2537027C00025960 /* tiger fly 2020-10-10 17.54.42.mp4 in Resources */,
				11C21DED246E807E00F6E7BD /* offline-36668614.jpg in Resources */,
				1127A39F240D40230038ED48 /* Main.storyboard in Resources */,
				11C21DEE246E807E00F6E7BD /* offline-28726729.jpg in Resources */,
				11C21DF0246E807E00F6E7BD /* offline-29045492.jpg in Resources */,
				11C21DE0246E803400F6E7BD /* 李戈 - 夕阳山顶.mp3 in Resources */,
				11C21DF1246E807E00F6E7BD /* offline-133581.jpg in Resources */,
				1171EFEC253AD2A200145C1A /* chou.mp4 in Resources */,
				11C21DE1246E803400F6E7BD /* Mark Petrie - New Light.mp3 in Resources */,
				11C21DE4246E803400F6E7BD /* Liquid Cinema - Eternity.mp3 in Resources */,
				11865E07253838D80010C178 /* tiger fly 2020-10-10 15.58.59.mp4 in Resources */,
				11C21DEC246E807E00F6E7BD /* offline-35447682.jpg in Resources */,
				11192D8E25412AA8000E628D /* tiger fly 2020-10-10 10.48.51.mp4 in Resources */,
				1126040F2478C43B00B1C006 /* sofia.mp4 in Resources */,
				11C21DE3246E803400F6E7BD /* Danny Gokey - Love Will Take You Places.mp3 in Resources */,
				11C21DE2246E803400F6E7BD /* Christophe Lebled - Alpha.mp3 in Resources */,
				115C0521246E4A6D00EAF3A6 /* Mark Petrie - New Light No Synth.mp3 in Resources */,
				1127A3CA240D42750038ED48 /* spring.mp4 in Resources */,
			);
			runOnlyForDeploymentPostprocessing = 0;
		};
		1127A3AA240D40260038ED48 /* Resources */ = {
			isa = PBXResourcesBuildPhase;
			buildActionMask = 2147483647;
			files = (
			);
			runOnlyForDeploymentPostprocessing = 0;
		};
		1127A3B5240D40260038ED48 /* Resources */ = {
			isa = PBXResourcesBuildPhase;
			buildActionMask = 2147483647;
			files = (
			);
			runOnlyForDeploymentPostprocessing = 0;
		};
/* End PBXResourcesBuildPhase section */

/* Begin PBXShellScriptBuildPhase section */
		89F1BF9B2E3551BA525C919F /* [CP] Embed Pods Frameworks */ = {
			isa = PBXShellScriptBuildPhase;
			buildActionMask = 2147483647;
			files = (
			);
			inputFileListPaths = (
				"${PODS_ROOT}/Target Support Files/Pods-VideoProcess-VideoProcessUITests/Pods-VideoProcess-VideoProcessUITests-frameworks-${CONFIGURATION}-input-files.xcfilelist",
			);
			name = "[CP] Embed Pods Frameworks";
			outputFileListPaths = (
				"${PODS_ROOT}/Target Support Files/Pods-VideoProcess-VideoProcessUITests/Pods-VideoProcess-VideoProcessUITests-frameworks-${CONFIGURATION}-output-files.xcfilelist",
			);
			runOnlyForDeploymentPostprocessing = 0;
			shellPath = /bin/sh;
			shellScript = "\"${PODS_ROOT}/Target Support Files/Pods-VideoProcess-VideoProcessUITests/Pods-VideoProcess-VideoProcessUITests-frameworks.sh\"\n";
			showEnvVarsInLog = 0;
		};
		8E498D105A349EE5C001EACA /* [CP] Check Pods Manifest.lock */ = {
			isa = PBXShellScriptBuildPhase;
			buildActionMask = 2147483647;
			files = (
			);
			inputFileListPaths = (
			);
			inputPaths = (
				"${PODS_PODFILE_DIR_PATH}/Podfile.lock",
				"${PODS_ROOT}/Manifest.lock",
			);
			name = "[CP] Check Pods Manifest.lock";
			outputFileListPaths = (
			);
			outputPaths = (
				"$(DERIVED_FILE_DIR)/Pods-VideoProcessTests-checkManifestLockResult.txt",
			);
			runOnlyForDeploymentPostprocessing = 0;
			shellPath = /bin/sh;
			shellScript = "diff \"${PODS_PODFILE_DIR_PATH}/Podfile.lock\" \"${PODS_ROOT}/Manifest.lock\" > /dev/null\nif [ $? != 0 ] ; then\n    # print error to STDERR\n    echo \"error: The sandbox is not in sync with the Podfile.lock. Run 'pod install' or update your CocoaPods installation.\" >&2\n    exit 1\nfi\n# This output is used by Xcode 'outputs' to avoid re-running this script phase.\necho \"SUCCESS\" > \"${SCRIPT_OUTPUT_FILE_0}\"\n";
			showEnvVarsInLog = 0;
		};
		A655ABA0815FFAA1306F4825 /* [CP] Check Pods Manifest.lock */ = {
			isa = PBXShellScriptBuildPhase;
			buildActionMask = 2147483647;
			files = (
			);
			inputFileListPaths = (
			);
			inputPaths = (
				"${PODS_PODFILE_DIR_PATH}/Podfile.lock",
				"${PODS_ROOT}/Manifest.lock",
			);
			name = "[CP] Check Pods Manifest.lock";
			outputFileListPaths = (
			);
			outputPaths = (
				"$(DERIVED_FILE_DIR)/Pods-VideoProcess-checkManifestLockResult.txt",
			);
			runOnlyForDeploymentPostprocessing = 0;
			shellPath = /bin/sh;
			shellScript = "diff \"${PODS_PODFILE_DIR_PATH}/Podfile.lock\" \"${PODS_ROOT}/Manifest.lock\" > /dev/null\nif [ $? != 0 ] ; then\n    # print error to STDERR\n    echo \"error: The sandbox is not in sync with the Podfile.lock. Run 'pod install' or update your CocoaPods installation.\" >&2\n    exit 1\nfi\n# This output is used by Xcode 'outputs' to avoid re-running this script phase.\necho \"SUCCESS\" > \"${SCRIPT_OUTPUT_FILE_0}\"\n";
			showEnvVarsInLog = 0;
		};
		D45347DDC39DF2253B0EF828 /* [CP] Check Pods Manifest.lock */ = {
			isa = PBXShellScriptBuildPhase;
			buildActionMask = 2147483647;
			files = (
			);
			inputFileListPaths = (
			);
			inputPaths = (
				"${PODS_PODFILE_DIR_PATH}/Podfile.lock",
				"${PODS_ROOT}/Manifest.lock",
			);
			name = "[CP] Check Pods Manifest.lock";
			outputFileListPaths = (
			);
			outputPaths = (
				"$(DERIVED_FILE_DIR)/Pods-VideoProcess-VideoProcessUITests-checkManifestLockResult.txt",
			);
			runOnlyForDeploymentPostprocessing = 0;
			shellPath = /bin/sh;
			shellScript = "diff \"${PODS_PODFILE_DIR_PATH}/Podfile.lock\" \"${PODS_ROOT}/Manifest.lock\" > /dev/null\nif [ $? != 0 ] ; then\n    # print error to STDERR\n    echo \"error: The sandbox is not in sync with the Podfile.lock. Run 'pod install' or update your CocoaPods installation.\" >&2\n    exit 1\nfi\n# This output is used by Xcode 'outputs' to avoid re-running this script phase.\necho \"SUCCESS\" > \"${SCRIPT_OUTPUT_FILE_0}\"\n";
			showEnvVarsInLog = 0;
		};
		DD8C263137182AF648A3D4C5 /* [CP] Embed Pods Frameworks */ = {
			isa = PBXShellScriptBuildPhase;
			buildActionMask = 2147483647;
			files = (
			);
			inputFileListPaths = (
				"${PODS_ROOT}/Target Support Files/Pods-VideoProcess/Pods-VideoProcess-frameworks-${CONFIGURATION}-input-files.xcfilelist",
			);
			name = "[CP] Embed Pods Frameworks";
			outputFileListPaths = (
				"${PODS_ROOT}/Target Support Files/Pods-VideoProcess/Pods-VideoProcess-frameworks-${CONFIGURATION}-output-files.xcfilelist",
			);
			runOnlyForDeploymentPostprocessing = 0;
			shellPath = /bin/sh;
			shellScript = "\"${PODS_ROOT}/Target Support Files/Pods-VideoProcess/Pods-VideoProcess-frameworks.sh\"\n";
			showEnvVarsInLog = 0;
		};
/* End PBXShellScriptBuildPhase section */

/* Begin PBXSourcesBuildPhase section */
		1127A38D240D40230038ED48 /* Sources */ = {
			isa = PBXSourcesBuildPhase;
			buildActionMask = 2147483647;
			files = (
				1148EE012533F997006B1833 /* CoreVideoController.m in Sources */,
				11865E05253836B80010C178 /* ATViewController.m in Sources */,
				11865E0A253851AD0010C178 /* PlaybackViewController.m in Sources */,
				11A53EE2247CAAB600268962 /* PreviewView.m in Sources */,
				1149865226098C510095E579 /* LibavcodecViewController.m in Sources */,
				1148EE05253439F9006B1833 /* CoreMediaViewController.m in Sources */,
				1130E16324727EAC00C973F6 /* AssetHandleViewController.m in Sources */,
				11865E0125381E640010C178 /* AssetsViewController.m in Sources */,
				112A434524A981FC00B37CEA /* SpeechSynthesisControls.m in Sources */,
				11C21DF4246E820C00F6E7BD /* MusicListViewController.m in Sources */,
				112A434F24A9C67900B37CEA /* RSILAViewController.m in Sources */,
				112E8BBF248676B1007B0BA6 /* SampleBufferManipulationController.m in Sources */,
				112A434C24A9937300B37CEA /* SpeechViewController.m in Sources */,
				112AA058247522B100FD19C3 /* MediaPlayViewController.m in Sources */,
				115861D525F347B300E6FD2E /* LibavutilViewController.m in Sources */,
				112DF521248B473A00467F8D /* MediaSelectionViewController.m in Sources */,
				1127A396240D40230038ED48 /* AppDelegate.m in Sources */,
				11371A94248F8A3F007B1489 /* ContentKeyDecryptionController.m in Sources */,
				115826E32485320700156C0B /* MediaItemTransferController.m in Sources */,
				11A53EE5247CC2CD00268962 /* VPCameraManager.m in Sources */,
				1131B667247BF626009D8FF7 /* CameraViewController.m in Sources */,
				1130E1662472B46800C973F6 /* AVAssetTrack+CoreMediaExtensions.m in Sources */,
				116769012649089300F3D9DE /* LibswscaleViewController.m in Sources */,
				11865DFE25381D960010C178 /* AVFoundationController.m in Sources */,
				11865E0D253851B90010C178 /* CaptureViewController.m in Sources */,
				11EAE0FB25319BCF00806F15 /* VTViewController.m in Sources */,
				110F7B1C26018F6E00A5F164 /* LibavdeviceViewController.m in Sources */,
				112E8BC224867826007B0BA6 /* MediaCompositionEditingViewController.m in Sources */,
				112A434224A97EFC00B37CEA /* SpeechSynthesisController.m in Sources */,
				112A8CD7249202AC00F3F37E /* SupportingTypesController.m in Sources */,
				11F6978D25A33AAC004BC306 /* AudioQueues.m in Sources */,
				112DF51E248B346A00467F8D /* TextFormattingViewController.m in Sources */,
				11183D94241B4E1A007FBE59 /* UIColor+Add.m in Sources */,
				116768F82649081900F3D9DE /* LibavformatViewController.m in Sources */,
				11F6978A25A32F34004BC306 /* Introduction.m in Sources */,
				11B0380425F0CF6500B9EDB3 /* FFmpegViewController.m in Sources */,
				115C0524246E682C00EAF3A6 /* AudioFileLoader.m in Sources */,
				112E8BBC248670E0007B0BA6 /* HTTPLiveStreamingViewController.m in Sources */,
				11865E19253852740010C178 /* AudioController.m in Sources */,
				116768FE2649086B00F3D9DE /* LibpostprocViewController.m in Sources */,
				11865E1C253852810010C178 /* SpeechController.m in Sources */,
				115C051F246E2D7B00EAF3A6 /* AudioViewController.m in Sources */,
				117DCE07247F99F700E1D8FC /* OperationView.m in Sources */,
				1131B65F247BCD8D009D8FF7 /* MetadataManipulationController.m in Sources */,
				116768FB2649085400F3D9DE /* LibswresampleViewController.m in Sources */,
				116768F52649080400F3D9DE /* LibavfilterViewController.m in Sources */,
				1127A3A7240D40260038ED48 /* main.m in Sources */,
				11865E10253851DB0010C178 /* EditingViewController.m in Sources */,
				113528A1259DAFB1000FCD1F /* AVAudioEngineController.m in Sources */,
			);
			runOnlyForDeploymentPostprocessing = 0;
		};
		1127A3A8240D40260038ED48 /* Sources */ = {
			isa = PBXSourcesBuildPhase;
			buildActionMask = 2147483647;
			files = (
				1127A3B1240D40260038ED48 /* VideoProcessTests.m in Sources */,
				1144EB592539AAC600307215 /* AssetsViewController.m in Sources */,
			);
			runOnlyForDeploymentPostprocessing = 0;
		};
		1127A3B3240D40260038ED48 /* Sources */ = {
			isa = PBXSourcesBuildPhase;
			buildActionMask = 2147483647;
			files = (
				1127A3BC240D40260038ED48 /* VideoProcessUITests.m in Sources */,
				1171EFEA253ACEA800145C1A /* CaptureViewController.m in Sources */,
			);
			runOnlyForDeploymentPostprocessing = 0;
		};
/* End PBXSourcesBuildPhase section */

/* Begin PBXTargetDependency section */
		1127A3AE240D40260038ED48 /* PBXTargetDependency */ = {
			isa = PBXTargetDependency;
			target = 1127A390240D40230038ED48 /* VideoProcess */;
			targetProxy = 1127A3AD240D40260038ED48 /* PBXContainerItemProxy */;
		};
		1127A3B9240D40260038ED48 /* PBXTargetDependency */ = {
			isa = PBXTargetDependency;
			target = 1127A390240D40230038ED48 /* VideoProcess */;
			targetProxy = 1127A3B8240D40260038ED48 /* PBXContainerItemProxy */;
		};
/* End PBXTargetDependency section */

/* Begin PBXVariantGroup section */
		1127A39D240D40230038ED48 /* Main.storyboard */ = {
			isa = PBXVariantGroup;
			children = (
				1127A39E240D40230038ED48 /* Base */,
			);
			name = Main.storyboard;
			sourceTree = "<group>";
		};
		1127A3A2240D40260038ED48 /* LaunchScreen.storyboard */ = {
			isa = PBXVariantGroup;
			children = (
				1127A3A3240D40260038ED48 /* Base */,
			);
			name = LaunchScreen.storyboard;
			sourceTree = "<group>";
		};
/* End PBXVariantGroup section */

/* Begin XCBuildConfiguration section */
		1127A3BE240D40260038ED48 /* Debug */ = {
			isa = XCBuildConfiguration;
			buildSettings = {
				ALWAYS_SEARCH_USER_PATHS = NO;
				CLANG_ANALYZER_NONNULL = YES;
				CLANG_ANALYZER_NUMBER_OBJECT_CONVERSION = YES_AGGRESSIVE;
				CLANG_CXX_LANGUAGE_STANDARD = "gnu++14";
				CLANG_CXX_LIBRARY = "libc++";
				CLANG_ENABLE_MODULES = YES;
				CLANG_ENABLE_OBJC_ARC = YES;
				CLANG_ENABLE_OBJC_WEAK = YES;
				CLANG_WARN_BLOCK_CAPTURE_AUTORELEASING = YES;
				CLANG_WARN_BOOL_CONVERSION = YES;
				CLANG_WARN_COMMA = YES;
				CLANG_WARN_CONSTANT_CONVERSION = YES;
				CLANG_WARN_DEPRECATED_OBJC_IMPLEMENTATIONS = YES;
				CLANG_WARN_DIRECT_OBJC_ISA_USAGE = YES_ERROR;
				CLANG_WARN_DOCUMENTATION_COMMENTS = YES;
				CLANG_WARN_EMPTY_BODY = YES;
				CLANG_WARN_ENUM_CONVERSION = YES;
				CLANG_WARN_INFINITE_RECURSION = YES;
				CLANG_WARN_INT_CONVERSION = YES;
				CLANG_WARN_NON_LITERAL_NULL_CONVERSION = YES;
				CLANG_WARN_OBJC_IMPLICIT_RETAIN_SELF = YES;
				CLANG_WARN_OBJC_LITERAL_CONVERSION = YES;
				CLANG_WARN_OBJC_ROOT_CLASS = YES_ERROR;
				CLANG_WARN_RANGE_LOOP_ANALYSIS = YES;
				CLANG_WARN_STRICT_PROTOTYPES = YES;
				CLANG_WARN_SUSPICIOUS_MOVE = YES;
				CLANG_WARN_UNGUARDED_AVAILABILITY = YES_AGGRESSIVE;
				CLANG_WARN_UNREACHABLE_CODE = YES;
				CLANG_WARN__DUPLICATE_METHOD_MATCH = YES;
				COPY_PHASE_STRIP = NO;
				DEBUG_INFORMATION_FORMAT = dwarf;
				ENABLE_STRICT_OBJC_MSGSEND = YES;
				ENABLE_TESTABILITY = YES;
				GCC_C_LANGUAGE_STANDARD = gnu11;
				GCC_DYNAMIC_NO_PIC = NO;
				GCC_NO_COMMON_BLOCKS = YES;
				GCC_OPTIMIZATION_LEVEL = 0;
				GCC_PREPROCESSOR_DEFINITIONS = (
					"DEBUG=1",
					"$(inherited)",
				);
				GCC_WARN_64_TO_32_BIT_CONVERSION = YES;
				GCC_WARN_ABOUT_RETURN_TYPE = YES_ERROR;
				GCC_WARN_UNDECLARED_SELECTOR = YES;
				GCC_WARN_UNINITIALIZED_AUTOS = YES_AGGRESSIVE;
				GCC_WARN_UNUSED_FUNCTION = YES;
				GCC_WARN_UNUSED_VARIABLE = YES;
				IPHONEOS_DEPLOYMENT_TARGET = 13.2;
				MTL_ENABLE_DEBUG_INFO = INCLUDE_SOURCE;
				MTL_FAST_MATH = YES;
				ONLY_ACTIVE_ARCH = YES;
				SDKROOT = iphoneos;
			};
			name = Debug;
		};
		1127A3BF240D40260038ED48 /* Release */ = {
			isa = XCBuildConfiguration;
			buildSettings = {
				ALWAYS_SEARCH_USER_PATHS = NO;
				CLANG_ANALYZER_NONNULL = YES;
				CLANG_ANALYZER_NUMBER_OBJECT_CONVERSION = YES_AGGRESSIVE;
				CLANG_CXX_LANGUAGE_STANDARD = "gnu++14";
				CLANG_CXX_LIBRARY = "libc++";
				CLANG_ENABLE_MODULES = YES;
				CLANG_ENABLE_OBJC_ARC = YES;
				CLANG_ENABLE_OBJC_WEAK = YES;
				CLANG_WARN_BLOCK_CAPTURE_AUTORELEASING = YES;
				CLANG_WARN_BOOL_CONVERSION = YES;
				CLANG_WARN_COMMA = YES;
				CLANG_WARN_CONSTANT_CONVERSION = YES;
				CLANG_WARN_DEPRECATED_OBJC_IMPLEMENTATIONS = YES;
				CLANG_WARN_DIRECT_OBJC_ISA_USAGE = YES_ERROR;
				CLANG_WARN_DOCUMENTATION_COMMENTS = YES;
				CLANG_WARN_EMPTY_BODY = YES;
				CLANG_WARN_ENUM_CONVERSION = YES;
				CLANG_WARN_INFINITE_RECURSION = YES;
				CLANG_WARN_INT_CONVERSION = YES;
				CLANG_WARN_NON_LITERAL_NULL_CONVERSION = YES;
				CLANG_WARN_OBJC_IMPLICIT_RETAIN_SELF = YES;
				CLANG_WARN_OBJC_LITERAL_CONVERSION = YES;
				CLANG_WARN_OBJC_ROOT_CLASS = YES_ERROR;
				CLANG_WARN_RANGE_LOOP_ANALYSIS = YES;
				CLANG_WARN_STRICT_PROTOTYPES = YES;
				CLANG_WARN_SUSPICIOUS_MOVE = YES;
				CLANG_WARN_UNGUARDED_AVAILABILITY = YES_AGGRESSIVE;
				CLANG_WARN_UNREACHABLE_CODE = YES;
				CLANG_WARN__DUPLICATE_METHOD_MATCH = YES;
				COPY_PHASE_STRIP = NO;
				DEBUG_INFORMATION_FORMAT = "dwarf-with-dsym";
				ENABLE_NS_ASSERTIONS = NO;
				ENABLE_STRICT_OBJC_MSGSEND = YES;
				GCC_C_LANGUAGE_STANDARD = gnu11;
				GCC_NO_COMMON_BLOCKS = YES;
				GCC_WARN_64_TO_32_BIT_CONVERSION = YES;
				GCC_WARN_ABOUT_RETURN_TYPE = YES_ERROR;
				GCC_WARN_UNDECLARED_SELECTOR = YES;
				GCC_WARN_UNINITIALIZED_AUTOS = YES_AGGRESSIVE;
				GCC_WARN_UNUSED_FUNCTION = YES;
				GCC_WARN_UNUSED_VARIABLE = YES;
				IPHONEOS_DEPLOYMENT_TARGET = 13.2;
				MTL_ENABLE_DEBUG_INFO = NO;
				MTL_FAST_MATH = YES;
				SDKROOT = iphoneos;
				VALIDATE_PRODUCT = YES;
			};
			name = Release;
		};
		1127A3C1240D40260038ED48 /* Debug */ = {
			isa = XCBuildConfiguration;
			baseConfigurationReference = 4F33BB9B148B24306D2C9621 /* Pods-VideoProcess.debug.xcconfig */;
			buildSettings = {
				ASSETCATALOG_COMPILER_APPICON_NAME = AppIcon;
				CODE_SIGN_STYLE = Automatic;
				DEVELOPMENT_TEAM = 962BW6QCNQ;
				GCC_PREFIX_HEADER = "$(SRCROOT)/VideoProcess/PrefixHeader.pch";
				INFOPLIST_FILE = VideoProcess/Info.plist;
				IPHONEOS_DEPLOYMENT_TARGET = 9.0;
				LD_RUNPATH_SEARCH_PATHS = (
					"$(inherited)",
					"@executable_path/Frameworks",
				);
				PRODUCT_BUNDLE_IDENTIFIER = com.fxw.VideoProcess;
				PRODUCT_NAME = "$(TARGET_NAME)";
				TARGETED_DEVICE_FAMILY = "1,2";
			};
			name = Debug;
		};
		1127A3C2240D40260038ED48 /* Release */ = {
			isa = XCBuildConfiguration;
			baseConfigurationReference = D4AF7B422BCC362747339368 /* Pods-VideoProcess.release.xcconfig */;
			buildSettings = {
				ASSETCATALOG_COMPILER_APPICON_NAME = AppIcon;
				CODE_SIGN_STYLE = Automatic;
				DEVELOPMENT_TEAM = 962BW6QCNQ;
				GCC_PREFIX_HEADER = "$(SRCROOT)/VideoProcess/PrefixHeader.pch";
				INFOPLIST_FILE = VideoProcess/Info.plist;
				IPHONEOS_DEPLOYMENT_TARGET = 9.0;
				LD_RUNPATH_SEARCH_PATHS = (
					"$(inherited)",
					"@executable_path/Frameworks",
				);
				PRODUCT_BUNDLE_IDENTIFIER = com.fxw.VideoProcess;
				PRODUCT_NAME = "$(TARGET_NAME)";
				TARGETED_DEVICE_FAMILY = "1,2";
			};
			name = Release;
		};
		1127A3C4240D40260038ED48 /* Debug */ = {
			isa = XCBuildConfiguration;
			baseConfigurationReference = 0F868A362BB29ECCC8D0AB29 /* Pods-VideoProcessTests.debug.xcconfig */;
			buildSettings = {
				BUNDLE_LOADER = "$(TEST_HOST)";
				CODE_SIGN_STYLE = Automatic;
				DEVELOPMENT_TEAM = 962BW6QCNQ;
				INFOPLIST_FILE = VideoProcessTests/Info.plist;
				IPHONEOS_DEPLOYMENT_TARGET = 13.2;
				LD_RUNPATH_SEARCH_PATHS = (
					"$(inherited)",
					"@executable_path/Frameworks",
					"@loader_path/Frameworks",
				);
				PRODUCT_BUNDLE_IDENTIFIER = com.fxw.VideoProcessTests;
				PRODUCT_NAME = "$(TARGET_NAME)";
				TARGETED_DEVICE_FAMILY = "1,2";
				TEST_HOST = "$(BUILT_PRODUCTS_DIR)/VideoProcess.app/VideoProcess";
			};
			name = Debug;
		};
		1127A3C5240D40260038ED48 /* Release */ = {
			isa = XCBuildConfiguration;
			baseConfigurationReference = 5FAB52853BD9C5AC24AD4FB9 /* Pods-VideoProcessTests.release.xcconfig */;
			buildSettings = {
				BUNDLE_LOADER = "$(TEST_HOST)";
				CODE_SIGN_STYLE = Automatic;
				DEVELOPMENT_TEAM = 962BW6QCNQ;
				INFOPLIST_FILE = VideoProcessTests/Info.plist;
				IPHONEOS_DEPLOYMENT_TARGET = 13.2;
				LD_RUNPATH_SEARCH_PATHS = (
					"$(inherited)",
					"@executable_path/Frameworks",
					"@loader_path/Frameworks",
				);
				PRODUCT_BUNDLE_IDENTIFIER = com.fxw.VideoProcessTests;
				PRODUCT_NAME = "$(TARGET_NAME)";
				TARGETED_DEVICE_FAMILY = "1,2";
				TEST_HOST = "$(BUILT_PRODUCTS_DIR)/VideoProcess.app/VideoProcess";
			};
			name = Release;
		};
		1127A3C7240D40260038ED48 /* Debug */ = {
			isa = XCBuildConfiguration;
			baseConfigurationReference = 43CE52B366017EADB419BDF1 /* Pods-VideoProcess-VideoProcessUITests.debug.xcconfig */;
			buildSettings = {
				CODE_SIGN_STYLE = Automatic;
				DEVELOPMENT_TEAM = 962BW6QCNQ;
				INFOPLIST_FILE = VideoProcessUITests/Info.plist;
				LD_RUNPATH_SEARCH_PATHS = (
					"$(inherited)",
					"@executable_path/Frameworks",
					"@loader_path/Frameworks",
				);
				PRODUCT_BUNDLE_IDENTIFIER = com.fxw.VideoProcessUITests;
				PRODUCT_NAME = "$(TARGET_NAME)";
				TARGETED_DEVICE_FAMILY = "1,2";
				TEST_TARGET_NAME = VideoProcess;
			};
			name = Debug;
		};
		1127A3C8240D40260038ED48 /* Release */ = {
			isa = XCBuildConfiguration;
			baseConfigurationReference = B13BB6862BB1484921DB45B6 /* Pods-VideoProcess-VideoProcessUITests.release.xcconfig */;
			buildSettings = {
				CODE_SIGN_STYLE = Automatic;
				DEVELOPMENT_TEAM = 962BW6QCNQ;
				INFOPLIST_FILE = VideoProcessUITests/Info.plist;
				LD_RUNPATH_SEARCH_PATHS = (
					"$(inherited)",
					"@executable_path/Frameworks",
					"@loader_path/Frameworks",
				);
				PRODUCT_BUNDLE_IDENTIFIER = com.fxw.VideoProcessUITests;
				PRODUCT_NAME = "$(TARGET_NAME)";
				TARGETED_DEVICE_FAMILY = "1,2";
				TEST_TARGET_NAME = VideoProcess;
			};
			name = Release;
		};
/* End XCBuildConfiguration section */

/* Begin XCConfigurationList section */
		1127A38C240D40230038ED48 /* Build configuration list for PBXProject "VideoProcess" */ = {
			isa = XCConfigurationList;
			buildConfigurations = (
				1127A3BE240D40260038ED48 /* Debug */,
				1127A3BF240D40260038ED48 /* Release */,
			);
			defaultConfigurationIsVisible = 0;
			defaultConfigurationName = Release;
		};
		1127A3C0240D40260038ED48 /* Build configuration list for PBXNativeTarget "VideoProcess" */ = {
			isa = XCConfigurationList;
			buildConfigurations = (
				1127A3C1240D40260038ED48 /* Debug */,
				1127A3C2240D40260038ED48 /* Release */,
			);
			defaultConfigurationIsVisible = 0;
			defaultConfigurationName = Release;
		};
		1127A3C3240D40260038ED48 /* Build configuration list for PBXNativeTarget "VideoProcessTests" */ = {
			isa = XCConfigurationList;
			buildConfigurations = (
				1127A3C4240D40260038ED48 /* Debug */,
				1127A3C5240D40260038ED48 /* Release */,
			);
			defaultConfigurationIsVisible = 0;
			defaultConfigurationName = Release;
		};
		1127A3C6240D40260038ED48 /* Build configuration list for PBXNativeTarget "VideoProcessUITests" */ = {
			isa = XCConfigurationList;
			buildConfigurations = (
				1127A3C7240D40260038ED48 /* Debug */,
				1127A3C8240D40260038ED48 /* Release */,
			);
			defaultConfigurationIsVisible = 0;
			defaultConfigurationName = Release;
		};
/* End XCConfigurationList section */
	};
	rootObject = 1127A389240D40230038ED48 /* Project object */;
}
